
Microsoft Visual Studio Solution File, Format Version 12.00
# Visual Studio Version 17
VisualStudioVersion = 17.9.34622.214
MinimumVisualStudioVersion = 10.0.40219.1
Project("{FAE04EC0-301F-11D3-BF4B-00C04F79EFBC}") = "jsondb-github", "jsondb-github.csproj", "{055E2A05-F3B9-444D-ADEB-CEC3B7D6B500}"
EndProject
Project("{FAE04EC0-301F-11D3-BF4B-00C04F79EFBC}") = "jsondb-github-console", "..\jsondb-github-console\jsondb-github-console.csproj", "{4AC75328-1ADC-4FDF-945F-F8E5938DA0A2}"
EndProject
Project("{9A19103F-16F7-4668-BE54-9A1E7A4F7556}") = "jsondb-core", "..\jsondb-core\jsondb-core.csproj", "{8A7229B8-2E27-4CDF-8063-47A3D431F29F}"
EndProject
Global
	GlobalSection(SolutionConfigurationPlatforms) = preSolution
		Debug|Any CPU = Debug|Any CPU
		Release|Any CPU = Release|Any CPU
	EndGlobalSection
	GlobalSection(ProjectConfigurationPlatforms) = postSolution
		{055E2A05-F3B9-444D-ADEB-CEC3B7D6B500}.Debug|Any CPU.ActiveCfg = Debug|Any CPU
		{055E2A05-F3B9-444D-ADEB-CEC3B7D6B500}.Debug|Any CPU.Build.0 = Debug|Any CPU
		{055E2A05-F3B9-444D-ADEB-CEC3B7D6B500}.Release|Any CPU.ActiveCfg = Release|Any CPU
		{055E2A05-F3B9-444D-ADEB-CEC3B7D6B500}.Release|Any CPU.Build.0 = Release|Any CPU
		{4AC75328-1ADC-4FDF-945F-F8E5938DA0A2}.Debug|Any CPU.ActiveCfg = Debug|Any CPU
		{4AC75328-1ADC-4FDF-945F-F8E5938DA0A2}.Debug|Any CPU.Build.0 = Debug|Any CPU
		{4AC75328-1ADC-4FDF-945F-F8E5938DA0A2}.Release|Any CPU.ActiveCfg = Release|Any CPU
		{4AC75328-1ADC-4FDF-945F-F8E5938DA0A2}.Release|Any CPU.Build.0 = Release|Any CPU
		{8A7229B8-2E27-4CDF-8063-47A3D431F29F}.Debug|Any CPU.ActiveCfg = Debug|Any CPU
		{8A7229B8-2E27-4CDF-8063-47A3D431F29F}.Debug|Any CPU.Build.0 = Debug|Any CPU
		{8A7229B8-2E27-4CDF-8063-47A3D431F29F}.Release|Any CPU.ActiveCfg = Release|Any CPU
		{8A7229B8-2E27-4CDF-8063-47A3D431F29F}.Release|Any CPU.Build.0 = Release|Any CPU
	EndGlobalSection
	GlobalSection(SolutionProperties) = preSolution
		HideSolutionNode = FALSE
	EndGlobalSection
	GlobalSection(ExtensibilityGlobals) = postSolution
		SolutionGuid = {C2B65A14-E707-42E6-9C11-A2CFF81BA1A1}
	EndGlobalSection
EndGlobal
